<?xml version="1.0" encoding="utf-8"?>
<Project ToolsVersion="4.0" xmlns="http://schemas.microsoft.com/developer/msbuild/2003">
  <ItemGroup>
    <ClCompile Include="Application.cpp" />
    <ClCompile Include="DebugState.cpp" />
    <ClCompile Include="EngineState.cpp" />
    <ClCompile Include="IEngineState.cpp" />
    <ClCompile Include="Input.cpp" />
    <ClCompile Include="InputManager.cpp" />
    <ClCompile Include="MessageListener.cpp" />
    <ClCompile Include="MenuState.cpp" />
    <ClCompile Include="Message.cpp" />
    <ClCompile Include="MessageManager.cpp" />
    <ClCompile Include="RenderContext.cpp" />
    <ClCompile Include="Renderer.cpp" />
    <ClCompile Include="RenderingSurface.cpp" />
    <ClCompile Include="StateMachine.cpp" />
    <ClCompile Include="RenderCore.cpp" />
    <ClCompile Include="WindowsInput.cpp" />
    <ClCompile Include="ApplicationWindow.cpp" />
    <ClCompile Include="WinMain.cpp" />
    <ClCompile Include="Object.cpp" />
    <ClCompile Include="Components.cpp" />
    <ClCompile Include="Player.cpp" />
  </ItemGroup>
  <ItemGroup>
    <ClInclude Include="Application.h" />
    <ClInclude Include="d3dx12.h" />
    <ClInclude Include="DebugState.h" />
    <ClInclude Include="EngineState.h" />
    <ClInclude Include="Helpers.h" />
    <ClInclude Include="IEngineState.h" />
    <ClInclude Include="Input.h" />
    <ClInclude Include="InputManager.h" />
    <ClInclude Include="MenuState.h" />
    <ClInclude Include="MessageManager.h" />
    <ClInclude Include="Message.h" />
    <ClInclude Include="MessageListener.h" />
    <ClInclude Include="RenderContext.h" />
    <ClInclude Include="Renderer.h" />
    <ClInclude Include="RenderingSurface.h" />
    <ClInclude Include="StateMachine.h" />
    <ClInclude Include="RenderCore.h" />
    <ClInclude Include="WindowsInput.h" />
    <ClInclude Include="ApplicationWindow.h" />
    <ClInclude Include="Object.h" />
    <ClInclude Include="Components.h" />
    <ClInclude Include="Player.h" />
  </ItemGroup>
  <ItemGroup>
    <FxCompile Include="Assets\Shaders\ps_vs_shader.hlsl" />
  </ItemGroup>
</Project>